
Microsoft Visual Studio Solution File, Format Version 12.00
# Visual Studio Version 17
VisualStudioVersion = 17.11.35312.102
MinimumVisualStudioVersion = 10.0.40219.1
Project("{FAE04EC0-301F-11D3-BF4B-00C04F79EFBC}") = "FamilyTreeBlazor", "FamilyTreeBlazor\FamilyTreeBlazor.csproj", "{5C712A57-12CC-41E5-97C0-9CC24FC31EA5}"
EndProject
Global
	GlobalSection(SolutionConfigurationPlatforms) = preSolution
		Debug|Any CPU = Debug|Any CPU
		Release|Any CPU = Release|Any CPU
	EndGlobalSection
	GlobalSection(ProjectConfigurationPlatforms) = postSolution
		{5C712A57-12CC-41E5-97C0-9CC24FC31EA5}.Debug|Any CPU.ActiveCfg = Debug|Any CPU
		{5C712A57-12CC-41E5-97C0-9CC24FC31EA5}.Debug|Any CPU.Build.0 = Debug|Any CPU
		{5C712A57-12CC-41E5-97C0-9CC24FC31EA5}.Release|Any CPU.ActiveCfg = Release|Any CPU
		{5C712A57-12CC-41E5-97C0-9CC24FC31EA5}.Release|Any CPU.Build.0 = Release|Any CPU
	EndGlobalSection
	GlobalSection(SolutionProperties) = preSolution
		HideSolutionNode = FALSE
	EndGlobalSection
	GlobalSection(ExtensibilityGlobals) = postSolution
		SolutionGuid = {E5A67E91-EB82-48D1-A2DD-55F1EAC23AEC}
	EndGlobalSection
EndGlobal
